<?xml version="1.0" encoding="utf-8"?>
<Project ToolsVersion="4.0" xmlns="http://schemas.microsoft.com/developer/msbuild/2003">
  <ItemGroup>
    <ClCompile Include="main.cpp" />
    <ClCompile Include="tinyxml2.cpp">
      <Filter>ThirdParty</Filter>
    </ClCompile>
    <ClCompile Include="CodeBaseCreater.cpp" />
  </ItemGroup>
  <ItemGroup>
    <Filter Include="ThirdParty">
      <UniqueIdentifier>{bc7db0bf-2178-4358-b228-428c06be27e2}</UniqueIdentifier>
    </Filter>
  </ItemGroup>
  <ItemGroup>
    <ClInclude Include="tinyxml2.h">
      <Filter>ThirdParty</Filter>
    </ClInclude>
    <ClInclude Include="CodeBaseCreater.h" />
  </ItemGroup>
</Project>